
Microsoft Visual Studio Solution File, Format Version 12.00
# Visual Studio Version 16
VisualStudioVersion = 16.0.31515.178
MinimumVisualStudioVersion = 10.0.40219.1
Project("{FAE04EC0-301F-11D3-BF4B-00C04F79EFBC}") = "SifreOlusturucu", "SifreOlusturucu\SifreOlusturucu.csproj", "{6252FFA4-7BA1-40F6-BBBD-AD64D68FA3DE}"
EndProject
Global
	GlobalSection(SolutionConfigurationPlatforms) = preSolution
		Debug|Any CPU = Debug|Any CPU
		Release|Any CPU = Release|Any CPU
	EndGlobalSection
	GlobalSection(ProjectConfigurationPlatforms) = postSolution
		{6252FFA4-7BA1-40F6-BBBD-AD64D68FA3DE}.Debug|Any CPU.ActiveCfg = Debug|Any CPU
		{6252FFA4-7BA1-40F6-BBBD-AD64D68FA3DE}.Debug|Any CPU.Build.0 = Debug|Any CPU
		{6252FFA4-7BA1-40F6-BBBD-AD64D68FA3DE}.Release|Any CPU.ActiveCfg = Release|Any CPU
		{6252FFA4-7BA1-40F6-BBBD-AD64D68FA3DE}.Release|Any CPU.Build.0 = Release|Any CPU
	EndGlobalSection
	GlobalSection(SolutionProperties) = preSolution
		HideSolutionNode = FALSE
	EndGlobalSection
	GlobalSection(ExtensibilityGlobals) = postSolution
		SolutionGuid = {A5F05AAD-CE66-49FD-A841-FC8685661561}
	EndGlobalSection
EndGlobal
